
Microsoft Visual Studio Solution File, Format Version 12.00
# Visual Studio Version 17
VisualStudioVersion = 17.4.33122.133
MinimumVisualStudioVersion = 10.0.40219.1
Project("{FAE04EC0-301F-11D3-BF4B-00C04F79EFBC}") = "MineSweeper", "MineSweeper\MineSweeper.csproj", "{DBA855E2-8E0B-40BB-A207-014BDE4D61A4}"
EndProject
Global
	GlobalSection(SolutionConfigurationPlatforms) = preSolution
		Debug|Any CPU = Debug|Any CPU
		Release|Any CPU = Release|Any CPU
	EndGlobalSection
	GlobalSection(ProjectConfigurationPlatforms) = postSolution
		{DBA855E2-8E0B-40BB-A207-014BDE4D61A4}.Debug|Any CPU.ActiveCfg = Debug|Any CPU
		{DBA855E2-8E0B-40BB-A207-014BDE4D61A4}.Debug|Any CPU.Build.0 = Debug|Any CPU
		{DBA855E2-8E0B-40BB-A207-014BDE4D61A4}.Release|Any CPU.ActiveCfg = Release|Any CPU
		{DBA855E2-8E0B-40BB-A207-014BDE4D61A4}.Release|Any CPU.Build.0 = Release|Any CPU
	EndGlobalSection
	GlobalSection(SolutionProperties) = preSolution
		HideSolutionNode = FALSE
	EndGlobalSection
	GlobalSection(ExtensibilityGlobals) = postSolution
		SolutionGuid = {2BB2041C-FFEF-43D8-A4D6-F8DBA8C90932}
	EndGlobalSection
EndGlobal
